{
  "name": "@xray-network/cardano-workspace",
  "version": "0.1.0",
  "lockfileVersion": 3,
  "requires": true,
  "packages": {
    "": {
      "name": "@xray-network/cardano-workspace",
      "version": "0.1.0",
      "license": "MIT",
      "workspaces": [
        "packages/core",
        "packages/crypto",
        "packages/chain",
        "packages/cip",
        "packages/plutus",
        "packages/runtime"
      ],
      "devDependencies": {
        "typescript": "5.9.3"
      },
      "engines": {
        "node": ">=20.19.0"
      }
    },
    "node_modules/@noble/ciphers": {
      "version": "2.2.0",
      "resolved": "https://registry.npmjs.org/@noble/ciphers/-/ciphers-2.2.0.tgz",
      "integrity": "sha512-Z6pjIZ/8IJcCGzb2S/0Px5J81yij85xASuk1teLNeg75bfT07MV3a/O2Mtn1I2se43k3lkVEcFaR10N4cgQcZA==",
      "license": "MIT",
      "engines": {
        "node": ">= 20.19.0"
      },
      "funding": {
        "url": "https://paulmillr.com/funding/"
      }
    },
    "node_modules/@noble/curves": {
      "version": "2.2.0",
      "resolved": "https://registry.npmjs.org/@noble/curves/-/curves-2.2.0.tgz",
      "integrity": "sha512-T/BoHgFXirb0ENSPBquzX0rcjXeM6Lo892a2jlYJkqk83LqZx0l1Of7DzlKJ6jkpvMrkHSnAcgb5JegL8SeIkQ==",
      "license": "MIT",
      "dependencies": {
        "@noble/hashes": "2.2.0"
      },
      "engines": {
        "node": ">= 20.19.0"
      },
      "funding": {
        "url": "https://paulmillr.com/funding/"
      }
    },
    "node_modules/@noble/hashes": {
      "version": "2.2.0",
      "resolved": "https://registry.npmjs.org/@noble/hashes/-/hashes-2.2.0.tgz",
      "integrity": "sha512-IYqDGiTXab6FniAgnSdZwgWbomxpy9FtYvLKs7wCUs2a8RkITG+DFGO1DM9cr+E3/RgADRpFjrKVaJ1z6sjtEg==",
      "license": "MIT",
      "engines": {
        "node": ">= 20.19.0"
      },
      "funding": {
        "url": "https://paulmillr.com/funding/"
      }
    },
    "node_modules/@xray-network/cardano-chain": {
      "resolved": "packages/chain",
      "link": true
    },
    "node_modules/@xray-network/cardano-cip": {
      "resolved": "packages/cip",
      "link": true
    },
    "node_modules/@xray-network/cardano-core": {
      "resolved": "packages/core",
      "link": true
    },
    "node_modules/@xray-network/cardano-crypto": {
      "resolved": "packages/crypto",
      "link": true
    },
    "node_modules/@xray-network/xray-cardano-lib": {
      "resolved": "packages/runtime",
      "link": true
    },
    "node_modules/@xray-network/cardano-plutus": {
      "resolved": "packages/plutus",
      "link": true
    },
    "node_modules/typescript": {
      "version": "5.9.3",
      "resolved": "https://registry.npmjs.org/typescript/-/typescript-5.9.3.tgz",
      "integrity": "sha512-jl1vZzPDinLr9eUt3J/t7V6FgNEw9QjvBPdysz9KfQDD41fQrC2Y4vKQdiaUpFT4bXlb1RHhLpp8wtm6M5TgSw==",
      "dev": true,
      "license": "Apache-2.0",
      "bin": {
        "tsc": "bin/tsc",
        "tsserver": "bin/tsserver"
      },
      "engines": {
        "node": ">=14.17"
      }
    },
    "packages/chain": {
      "name": "@xray-network/cardano-chain",
      "version": "0.1.0",
      "license": "MIT",
      "dependencies": {
        "@xray-network/cardano-core": "0.1.0",
        "@xray-network/cardano-crypto": "0.1.0"
      },
      "engines": {
        "node": ">=20.19.0"
      }
    },
    "packages/cip": {
      "name": "@xray-network/cardano-cip",
      "version": "0.1.0",
      "license": "MIT",
      "dependencies": {
        "@xray-network/cardano-chain": "0.1.0",
        "@xray-network/cardano-core": "0.1.0",
        "@xray-network/cardano-crypto": "0.1.0"
      },
      "engines": {
        "node": ">=20.19.0"
      }
    },
    "packages/core": {
      "name": "@xray-network/cardano-core",
      "version": "0.1.0",
      "license": "MIT",
      "engines": {
        "node": ">=20.19.0"
      }
    },
    "packages/crypto": {
      "name": "@xray-network/cardano-crypto",
      "version": "0.1.0",
      "license": "MIT",
      "dependencies": {
        "@noble/ciphers": "2.2.0",
        "@noble/curves": "2.2.0",
        "@noble/hashes": "2.2.0",
        "@xray-network/cardano-core": "0.1.0"
      },
      "engines": {
        "node": ">=20.19.0"
      }
    },
    "packages/plutus": {
      "name": "@xray-network/cardano-plutus",
      "version": "0.1.0",
      "license": "MIT",
      "dependencies": {
        "@xray-network/cardano-chain": "0.1.0",
        "@xray-network/cardano-core": "0.1.0",
        "@xray-network/cardano-crypto": "0.1.0"
      },
      "engines": {
        "node": ">=20.19.0"
      }
    },
    "packages/runtime": {
      "name": "@xray-network/xray-cardano-lib",
      "version": "0.1.0",
      "license": "MIT",
      "dependencies": {
        "@xray-network/cardano-chain": "0.1.0",
        "@xray-network/cardano-cip": "0.1.0",
        "@xray-network/cardano-core": "0.1.0",
        "@xray-network/cardano-crypto": "0.1.0",
        "@xray-network/cardano-plutus": "0.1.0"
      },
      "engines": {
        "node": ">=20.19.0"
      }
    }
  }
}
